// !$*UTF8*$!
{
	archiveVersion = 1;
	classes = {
	};
	objectVersion = 46;
	objects = {

/* Begin PBXBuildFile section */
		7C232D4AAAC441AAAE330C52 /* libPods.a in Frameworks */ = {isa = PBXBuildFile; fileRef = CD61D7D3131A4CC1B17ACF54 /* libPods.a */; };
		A242BDE419612FD5008362E4 /* JHDirectionSearchResults.m in Sources */ = {isa = PBXBuildFile; fileRef = A242BDE319612FD5008362E4 /* JHDirectionSearchResults.m */; };
		A245A0F21960FFBF007E7C35 /* Foundation.framework in Frameworks */ = {isa = PBXBuildFile; fileRef = A245A0F11960FFBF007E7C35 /* Foundation.framework */; };
		A245A0F41960FFBF007E7C35 /* CoreGraphics.framework in Frameworks */ = {isa = PBXBuildFile; fileRef = A245A0F31960FFBF007E7C35 /* CoreGraphics.framework */; };
		A245A0F61960FFBF007E7C35 /* UIKit.framework in Frameworks */ = {isa = PBXBuildFile; fileRef = A245A0F51960FFBF007E7C35 /* UIKit.framework */; };
		A245A0FC1960FFBF007E7C35 /* InfoPlist.strings in Resources */ = {isa = PBXBuildFile; fileRef = A245A0FA1960FFBF007E7C35 /* InfoPlist.strings */; };
		A245A0FE1960FFBF007E7C35 /* main.m in Sources */ = {isa = PBXBuildFile; fileRef = A245A0FD1960FFBF007E7C35 /* main.m */; };
		A245A1021960FFBF007E7C35 /* JHAppDelegate.m in Sources */ = {isa = PBXBuildFile; fileRef = A245A1011960FFBF007E7C35 /* JHAppDelegate.m */; };
		A245A1051960FFBF007E7C35 /* Main_iPhone.storyboard in Resources */ = {isa = PBXBuildFile; fileRef = A245A1031960FFBF007E7C35 /* Main_iPhone.storyboard */; };
		A245A1081960FFBF007E7C35 /* Main_iPad.storyboard in Resources */ = {isa = PBXBuildFile; fileRef = A245A1061960FFBF007E7C35 /* Main_iPad.storyboard */; };
		A245A10B1960FFBF007E7C35 /* JHMainViewController.m in Sources */ = {isa = PBXBuildFile; fileRef = A245A10A1960FFBF007E7C35 /* JHMainViewController.m */; };
		A245A10E1960FFBF007E7C35 /* JHFlipsideViewController.m in Sources */ = {isa = PBXBuildFile; fileRef = A245A10D1960FFBF007E7C35 /* JHFlipsideViewController.m */; };
		A245A1101960FFBF007E7C35 /* Images.xcassets in Resources */ = {isa = PBXBuildFile; fileRef = A245A10F1960FFBF007E7C35 /* Images.xcassets */; };
		A245A1171960FFBF007E7C35 /* XCTest.framework in Frameworks */ = {isa = PBXBuildFile; fileRef = A245A1161960FFBF007E7C35 /* XCTest.framework */; };
		A245A1181960FFBF007E7C35 /* Foundation.framework in Frameworks */ = {isa = PBXBuildFile; fileRef = A245A0F11960FFBF007E7C35 /* Foundation.framework */; };
		A245A1191960FFBF007E7C35 /* UIKit.framework in Frameworks */ = {isa = PBXBuildFile; fileRef = A245A0F51960FFBF007E7C35 /* UIKit.framework */; };
		A245A1211960FFBF007E7C35 /* InfoPlist.strings in Resources */ = {isa = PBXBuildFile; fileRef = A245A11F1960FFBF007E7C35 /* InfoPlist.strings */; };
		A245A1231960FFBF007E7C35 /* StreetWiseTests.m in Sources */ = {isa = PBXBuildFile; fileRef = A245A1221960FFBF007E7C35 /* StreetWiseTests.m */; };
		A245A12D1961012D007E7C35 /* MapKit.framework in Frameworks */ = {isa = PBXBuildFile; fileRef = A245A12C1961012D007E7C35 /* MapKit.framework */; };
		A2A18A311961F49900C3E905 /* JHLocation.m in Sources */ = {isa = PBXBuildFile; fileRef = A2A18A301961F49900C3E905 /* JHLocation.m */; };
		A2A18A331961F73A00C3E905 /* AddressBook.framework in Frameworks */ = {isa = PBXBuildFile; fileRef = A2A18A321961F73A00C3E905 /* AddressBook.framework */; };
/* End PBXBuildFile section */

/* Begin PBXContainerItemProxy section */
		A245A11A1960FFBF007E7C35 /* PBXContainerItemProxy */ = {
			isa = PBXContainerItemProxy;
			containerPortal = A245A0E61960FFBF007E7C35 /* Project object */;
			proxyType = 1;
			remoteGlobalIDString = A245A0ED1960FFBF007E7C35;
			remoteInfo = StreetWise;
		};
/* End PBXContainerItemProxy section */

/* Begin PBXFileReference section */
		41F94957D336489DADFDD09B /* Pods.xcconfig */ = {isa = PBXFileReference; includeInIndex = 1; lastKnownFileType = text.xcconfig; name = Pods.xcconfig; path = Pods/Pods.xcconfig; sourceTree = "<group>"; };
		A242BDE219612FD5008362E4 /* JHDirectionSearchResults.h */ = {isa = PBXFileReference; fileEncoding = 4; lastKnownFileType = sourcecode.c.h; path = JHDirectionSearchResults.h; sourceTree = "<group>"; };
		A242BDE319612FD5008362E4 /* JHDirectionSearchResults.m */ = {isa = PBXFileReference; fileEncoding = 4; lastKnownFileType = sourcecode.c.objc; path = JHDirectionSearchResults.m; sourceTree = "<group>"; };
		A245A0EE1960FFBF007E7C35 /* StreetWise.app */ = {isa = PBXFileReference; explicitFileType = wrapper.application; includeInIndex = 0; path = StreetWise.app; sourceTree = BUILT_PRODUCTS_DIR; };
		A245A0F11960FFBF007E7C35 /* Foundation.framework */ = {isa = PBXFileReference; lastKnownFileType = wrapper.framework; name = Foundation.framework; path = System/Library/Frameworks/Foundation.framework; sourceTree = SDKROOT; };
		A245A0F31960FFBF007E7C35 /* CoreGraphics.framework */ = {isa = PBXFileReference; lastKnownFileType = wrapper.framework; name = CoreGraphics.framework; path = System/Library/Frameworks/CoreGraphics.framework; sourceTree = SDKROOT; };
		A245A0F51960FFBF007E7C35 /* UIKit.framework */ = {isa = PBXFileReference; lastKnownFileType = wrapper.framework; name = UIKit.framework; path = System/Library/Frameworks/UIKit.framework; sourceTree = SDKROOT; };
		A245A0F91960FFBF007E7C35 /* StreetWise-Info.plist */ = {isa = PBXFileReference; lastKnownFileType = text.plist.xml; path = "StreetWise-Info.plist"; sourceTree = "<group>"; };
		A245A0FB1960FFBF007E7C35 /* en */ = {isa = PBXFileReference; lastKnownFileType = text.plist.strings; name = en; path = en.lproj/InfoPlist.strings; sourceTree = "<group>"; };
		A245A0FD1960FFBF007E7C35 /* main.m */ = {isa = PBXFileReference; lastKnownFileType = sourcecode.c.objc; path = main.m; sourceTree = "<group>"; };
		A245A0FF1960FFBF007E7C35 /* StreetWise-Prefix.pch */ = {isa = PBXFileReference; lastKnownFileType = sourcecode.c.h; path = "StreetWise-Prefix.pch"; sourceTree = "<group>"; };
		A245A1001960FFBF007E7C35 /* JHAppDelegate.h */ = {isa = PBXFileReference; lastKnownFileType = sourcecode.c.h; path = JHAppDelegate.h; sourceTree = "<group>"; };
		A245A1011960FFBF007E7C35 /* JHAppDelegate.m */ = {isa = PBXFileReference; lastKnownFileType = sourcecode.c.objc; path = JHAppDelegate.m; sourceTree = "<group>"; };
		A245A1041960FFBF007E7C35 /* Base */ = {isa = PBXFileReference; lastKnownFileType = file.storyboard; name = Base; path = Base.lproj/Main_iPhone.storyboard; sourceTree = "<group>"; };
		A245A1071960FFBF007E7C35 /* Base */ = {isa = PBXFileReference; lastKnownFileType = file.storyboard; name = Base; path = Base.lproj/Main_iPad.storyboard; sourceTree = "<group>"; };
		A245A1091960FFBF007E7C35 /* JHMainViewController.h */ = {isa = PBXFileReference; lastKnownFileType = sourcecode.c.h; path = JHMainViewController.h; sourceTree = "<group>"; };
		A245A10A1960FFBF007E7C35 /* JHMainViewController.m */ = {isa = PBXFileReference; lastKnownFileType = sourcecode.c.objc; path = JHMainViewController.m; sourceTree = "<group>"; };
		A245A10C1960FFBF007E7C35 /* JHFlipsideViewController.h */ = {isa = PBXFileReference; lastKnownFileType = sourcecode.c.h; path = JHFlipsideViewController.h; sourceTree = "<group>"; };
		A245A10D1960FFBF007E7C35 /* JHFlipsideViewController.m */ = {isa = PBXFileReference; lastKnownFileType = sourcecode.c.objc; path = JHFlipsideViewController.m; sourceTree = "<group>"; };
		A245A10F1960FFBF007E7C35 /* Images.xcassets */ = {isa = PBXFileReference; lastKnownFileType = folder.assetcatalog; path = Images.xcassets; sourceTree = "<group>"; };
		A245A1151960FFBF007E7C35 /* StreetWiseTests.xctest */ = {isa = PBXFileReference; explicitFileType = wrapper.cfbundle; includeInIndex = 0; path = StreetWiseTests.xctest; sourceTree = BUILT_PRODUCTS_DIR; };
		A245A1161960FFBF007E7C35 /* XCTest.framework */ = {isa = PBXFileReference; lastKnownFileType = wrapper.framework; name = XCTest.framework; path = Library/Frameworks/XCTest.framework; sourceTree = DEVELOPER_DIR; };
		A245A11E1960FFBF007E7C35 /* StreetWiseTests-Info.plist */ = {isa = PBXFileReference; lastKnownFileType = text.plist.xml; path = "StreetWiseTests-Info.plist"; sourceTree = "<group>"; };
		A245A1201960FFBF007E7C35 /* en */ = {isa = PBXFileReference; lastKnownFileType = text.plist.strings; name = en; path = en.lproj/InfoPlist.strings; sourceTree = "<group>"; };
		A245A1221960FFBF007E7C35 /* StreetWiseTests.m */ = {isa = PBXFileReference; lastKnownFileType = sourcecode.c.objc; path = StreetWiseTests.m; sourceTree = "<group>"; };
		A245A12C1961012D007E7C35 /* MapKit.framework */ = {isa = PBXFileReference; lastKnownFileType = wrapper.framework; name = MapKit.framework; path = System/Library/Frameworks/MapKit.framework; sourceTree = SDKROOT; };
		A2A18A2F1961F49900C3E905 /* JHLocation.h */ = {isa = PBXFileReference; fileEncoding = 4; lastKnownFileType = sourcecode.c.h; path = JHLocation.h; sourceTree = "<group>"; };
		A2A18A301961F49900C3E905 /* JHLocation.m */ = {isa = PBXFileReference; fileEncoding = 4; lastKnownFileType = sourcecode.c.objc; path = JHLocation.m; sourceTree = "<group>"; };
		A2A18A321961F73A00C3E905 /* AddressBook.framework */ = {isa = PBXFileReference; lastKnownFileType = wrapper.framework; name = AddressBook.framework; path = System/Library/Frameworks/AddressBook.framework; sourceTree = SDKROOT; };
		CD61D7D3131A4CC1B17ACF54 /* libPods.a */ = {isa = PBXFileReference; explicitFileType = archive.ar; includeInIndex = 0; path = libPods.a; sourceTree = BUILT_PRODUCTS_DIR; };
/* End PBXFileReference section */

/* Begin PBXFrameworksBuildPhase section */
		A245A0EB1960FFBF007E7C35 /* Frameworks */ = {
			isa = PBXFrameworksBuildPhase;
			buildActionMask = 2147483647;
			files = (
				A2A18A331961F73A00C3E905 /* AddressBook.framework in Frameworks */,
				A245A12D1961012D007E7C35 /* MapKit.framework in Frameworks */,
				A245A0F41960FFBF007E7C35 /* CoreGraphics.framework in Frameworks */,
				A245A0F61960FFBF007E7C35 /* UIKit.framework in Frameworks */,
				A245A0F21960FFBF007E7C35 /* Foundation.framework in Frameworks */,
				7C232D4AAAC441AAAE330C52 /* libPods.a in Frameworks */,
			);
			runOnlyForDeploymentPostprocessing = 0;
		};
		A245A1121960FFBF007E7C35 /* Frameworks */ = {
			isa = PBXFrameworksBuildPhase;
			buildActionMask = 2147483647;
			files = (
				A245A1171960FFBF007E7C35 /* XCTest.framework in Frameworks */,
				A245A1191960FFBF007E7C35 /* UIKit.framework in Frameworks */,
				A245A1181960FFBF007E7C35 /* Foundation.framework in Frameworks */,
			);
			runOnlyForDeploymentPostprocessing = 0;
		};
/* End PBXFrameworksBuildPhase section */

/* Begin PBXGroup section */
		A245A0E51960FFBF007E7C35 = {
			isa = PBXGroup;
			children = (
				A245A0F71960FFBF007E7C35 /* StreetWise */,
				A245A11C1960FFBF007E7C35 /* StreetWiseTests */,
				A245A0F01960FFBF007E7C35 /* Frameworks */,
				A245A0EF1960FFBF007E7C35 /* Products */,
				41F94957D336489DADFDD09B /* Pods.xcconfig */,
			);
			sourceTree = "<group>";
		};
		A245A0EF1960FFBF007E7C35 /* Products */ = {
			isa = PBXGroup;
			children = (
				A245A0EE1960FFBF007E7C35 /* StreetWise.app */,
				A245A1151960FFBF007E7C35 /* StreetWiseTests.xctest */,
			);
			name = Products;
			sourceTree = "<group>";
		};
		A245A0F01960FFBF007E7C35 /* Frameworks */ = {
			isa = PBXGroup;
			children = (
				A2A18A321961F73A00C3E905 /* AddressBook.framework */,
				A245A12C1961012D007E7C35 /* MapKit.framework */,
				A245A0F11960FFBF007E7C35 /* Foundation.framework */,
				A245A0F31960FFBF007E7C35 /* CoreGraphics.framework */,
				A245A0F51960FFBF007E7C35 /* UIKit.framework */,
				A245A1161960FFBF007E7C35 /* XCTest.framework */,
				CD61D7D3131A4CC1B17ACF54 /* libPods.a */,
			);
			name = Frameworks;
			sourceTree = "<group>";
		};
		A245A0F71960FFBF007E7C35 /* StreetWise */ = {
			isa = PBXGroup;
			children = (
				A245A1001960FFBF007E7C35 /* JHAppDelegate.h */,
				A245A1011960FFBF007E7C35 /* JHAppDelegate.m */,
				A245A10C1960FFBF007E7C35 /* JHFlipsideViewController.h */,
				A245A10D1960FFBF007E7C35 /* JHFlipsideViewController.m */,
				A245A10F1960FFBF007E7C35 /* Images.xcassets */,
				A245A0F81960FFBF007E7C35 /* Supporting Files */,
				A245A1031960FFBF007E7C35 /* Main_iPhone.storyboard */,
				A245A1061960FFBF007E7C35 /* Main_iPad.storyboard */,
				A245A1091960FFBF007E7C35 /* JHMainViewController.h */,
				A245A10A1960FFBF007E7C35 /* JHMainViewController.m */,
				A242BDE219612FD5008362E4 /* JHDirectionSearchResults.h */,
				A242BDE319612FD5008362E4 /* JHDirectionSearchResults.m */,
				A2A18A2F1961F49900C3E905 /* JHLocation.h */,
				A2A18A301961F49900C3E905 /* JHLocation.m */,
			);
			path = StreetWise;
			sourceTree = "<group>";
		};
		A245A0F81960FFBF007E7C35 /* Supporting Files */ = {
			isa = PBXGroup;
			children = (
				A245A0F91960FFBF007E7C35 /* StreetWise-Info.plist */,
				A245A0FA1960FFBF007E7C35 /* InfoPlist.strings */,
				A245A0FD1960FFBF007E7C35 /* main.m */,
				A245A0FF1960FFBF007E7C35 /* StreetWise-Prefix.pch */,
			);
			name = "Supporting Files";
			sourceTree = "<group>";
		};
		A245A11C1960FFBF007E7C35 /* StreetWiseTests */ = {
			isa = PBXGroup;
			children = (
				A245A1221960FFBF007E7C35 /* StreetWiseTests.m */,
				A245A11D1960FFBF007E7C35 /* Supporting Files */,
			);
			path = StreetWiseTests;
			sourceTree = "<group>";
		};
		A245A11D1960FFBF007E7C35 /* Supporting Files */ = {
			isa = PBXGroup;
			children = (
				A245A11E1960FFBF007E7C35 /* StreetWiseTests-Info.plist */,
				A245A11F1960FFBF007E7C35 /* InfoPlist.strings */,
			);
			name = "Supporting Files";
			sourceTree = "<group>";
		};
/* End PBXGroup section */

/* Begin PBXNativeTarget section */
		A245A0ED1960FFBF007E7C35 /* StreetWise */ = {
			isa = PBXNativeTarget;
			buildConfigurationList = A245A1261960FFBF007E7C35 /* Build configuration list for PBXNativeTarget "StreetWise" */;
			buildPhases = (
				0AE586915F8C4DF18EDDE864 /* Check Pods Manifest.lock */,
				A245A0EA1960FFBF007E7C35 /* Sources */,
				A245A0EB1960FFBF007E7C35 /* Frameworks */,
				A245A0EC1960FFBF007E7C35 /* Resources */,
				66181C10A0EE4CF69B399473 /* Copy Pods Resources */,
			);
			buildRules = (
			);
			dependencies = (
			);
			name = StreetWise;
			productName = StreetWise;
			productReference = A245A0EE1960FFBF007E7C35 /* StreetWise.app */;
			productType = "com.apple.product-type.application";
		};
		A245A1141960FFBF007E7C35 /* StreetWiseTests */ = {
			isa = PBXNativeTarget;
			buildConfigurationList = A245A1291960FFBF007E7C35 /* Build configuration list for PBXNativeTarget "StreetWiseTests" */;
			buildPhases = (
				A245A1111960FFBF007E7C35 /* Sources */,
				A245A1121960FFBF007E7C35 /* Frameworks */,
				A245A1131960FFBF007E7C35 /* Resources */,
			);
			buildRules = (
			);
			dependencies = (
				A245A11B1960FFBF007E7C35 /* PBXTargetDependency */,
			);
			name = StreetWiseTests;
			productName = StreetWiseTests;
			productReference = A245A1151960FFBF007E7C35 /* StreetWiseTests.xctest */;
			productType = "com.apple.product-type.bundle.unit-test";
		};
/* End PBXNativeTarget section */

/* Begin PBXProject section */
		A245A0E61960FFBF007E7C35 /* Project object */ = {
			isa = PBXProject;
			attributes = {
				CLASSPREFIX = JH;
				LastUpgradeCheck = 0510;
				ORGANIZATIONNAME = "James Hulley";
				TargetAttributes = {
					A245A1141960FFBF007E7C35 = {
						TestTargetID = A245A0ED1960FFBF007E7C35;
					};
				};
			};
			buildConfigurationList = A245A0E91960FFBF007E7C35 /* Build configuration list for PBXProject "StreetWise" */;
			compatibilityVersion = "Xcode 3.2";
			developmentRegion = English;
			hasScannedForEncodings = 0;
			knownRegions = (
				en,
				Base,
			);
			mainGroup = A245A0E51960FFBF007E7C35;
			productRefGroup = A245A0EF1960FFBF007E7C35 /* Products */;
			projectDirPath = "";
			projectRoot = "";
			targets = (
				A245A0ED1960FFBF007E7C35 /* StreetWise */,
				A245A1141960FFBF007E7C35 /* StreetWiseTests */,
			);
		};
/* End PBXProject section */

/* Begin PBXResourcesBuildPhase section */
		A245A0EC1960FFBF007E7C35 /* Resources */ = {
			isa = PBXResourcesBuildPhase;
			buildActionMask = 2147483647;
			files = (
				A245A1081960FFBF007E7C35 /* Main_iPad.storyboard in Resources */,
				A245A1101960FFBF007E7C35 /* Images.xcassets in Resources */,
				A245A1051960FFBF007E7C35 /* Main_iPhone.storyboard in Resources */,
				A245A0FC1960FFBF007E7C35 /* InfoPlist.strings in Resources */,
			);
			runOnlyForDeploymentPostprocessing = 0;
		};
		A245A1131960FFBF007E7C35 /* Resources */ = {
			isa = PBXResourcesBuildPhase;
			buildActionMask = 2147483647;
			files = (
				A245A1211960FFBF007E7C35 /* InfoPlist.strings in Resources */,
			);
			runOnlyForDeploymentPostprocessing = 0;
		};
/* End PBXResourcesBuildPhase section */

/* Begin PBXShellScriptBuildPhase section */
		0AE586915F8C4DF18EDDE864 /* Check Pods Manifest.lock */ = {
			isa = PBXShellScriptBuildPhase;
			buildActionMask = 2147483647;
			files = (
			);
			inputPaths = (
			);
			name = "Check Pods Manifest.lock";
			outputPaths = (
			);
			runOnlyForDeploymentPostprocessing = 0;
			shellPath = /bin/sh;
			shellScript = "diff \"${PODS_ROOT}/../Podfile.lock\" \"${PODS_ROOT}/Manifest.lock\" > /dev/null\nif [[ $? != 0 ]] ; then\n    cat << EOM\nerror: The sandbox is not in sync with the Podfile.lock. Run 'pod install' or update your CocoaPods installation.\nEOM\n    exit 1\nfi\n";
			showEnvVarsInLog = 0;
		};
		66181C10A0EE4CF69B399473 /* Copy Pods Resources */ = {
			isa = PBXShellScriptBuildPhase;
			buildActionMask = 2147483647;
			files = (
			);
			inputPaths = (
			);
			name = "Copy Pods Resources";
			outputPaths = (
			);
			runOnlyForDeploymentPostprocessing = 0;
			shellPath = /bin/sh;
			shellScript = "\"${SRCROOT}/Pods/Pods-resources.sh\"\n";
			showEnvVarsInLog = 0;
		};
/* End PBXShellScriptBuildPhase section */

/* Begin PBXSourcesBuildPhase section */
		A245A0EA1960FFBF007E7C35 /* Sources */ = {
			isa = PBXSourcesBuildPhase;
			buildActionMask = 2147483647;
			files = (
				A2A18A311961F49900C3E905 /* JHLocation.m in Sources */,
				A245A1021960FFBF007E7C35 /* JHAppDelegate.m in Sources */,
				A245A10B1960FFBF007E7C35 /* JHMainViewController.m in Sources */,
				A245A10E1960FFBF007E7C35 /* JHFlipsideViewController.m in Sources */,
				A242BDE419612FD5008362E4 /* JHDirectionSearchResults.m in Sources */,
				A245A0FE1960FFBF007E7C35 /* main.m in Sources */,
			);
			runOnlyForDeploymentPostprocessing = 0;
		};
		A245A1111960FFBF007E7C35 /* Sources */ = {
			isa = PBXSourcesBuildPhase;
			buildActionMask = 2147483647;
			files = (
				A245A1231960FFBF007E7C35 /* StreetWiseTests.m in Sources */,
			);
			runOnlyForDeploymentPostprocessing = 0;
		};
/* End PBXSourcesBuildPhase section */

/* Begin PBXTargetDependency section */
		A245A11B1960FFBF007E7C35 /* PBXTargetDependency */ = {
			isa = PBXTargetDependency;
			target = A245A0ED1960FFBF007E7C35 /* StreetWise */;
			targetProxy = A245A11A1960FFBF007E7C35 /* PBXContainerItemProxy */;
		};
/* End PBXTargetDependency section */

/* Begin PBXVariantGroup section */
		A245A0FA1960FFBF007E7C35 /* InfoPlist.strings */ = {
			isa = PBXVariantGroup;
			children = (
				A245A0FB1960FFBF007E7C35 /* en */,
			);
			name = InfoPlist.strings;
			sourceTree = "<group>";
		};
		A245A1031960FFBF007E7C35 /* Main_iPhone.storyboard */ = {
			isa = PBXVariantGroup;
			children = (
				A245A1041960FFBF007E7C35 /* Base */,
			);
			name = Main_iPhone.storyboard;
			sourceTree = "<group>";
		};
		A245A1061960FFBF007E7C35 /* Main_iPad.storyboard */ = {
			isa = PBXVariantGroup;
			children = (
				A245A1071960FFBF007E7C35 /* Base */,
			);
			name = Main_iPad.storyboard;
			sourceTree = "<group>";
		};
		A245A11F1960FFBF007E7C35 /* InfoPlist.strings */ = {
			isa = PBXVariantGroup;
			children = (
				A245A1201960FFBF007E7C35 /* en */,
			);
			name = InfoPlist.strings;
			sourceTree = "<group>";
		};
/* End PBXVariantGroup section */

/* Begin XCBuildConfiguration section */
		A245A1241960FFBF007E7C35 /* Debug */ = {
			isa = XCBuildConfiguration;
			buildSettings = {
				ALWAYS_SEARCH_USER_PATHS = NO;
				CLANG_CXX_LANGUAGE_STANDARD = "gnu++0x";
				CLANG_CXX_LIBRARY = "libc++";
				CLANG_ENABLE_MODULES = YES;
				CLANG_ENABLE_OBJC_ARC = YES;
				CLANG_WARN_BOOL_CONVERSION = YES;
				CLANG_WARN_CONSTANT_CONVERSION = YES;
				CLANG_WARN_DIRECT_OBJC_ISA_USAGE = YES_ERROR;
				CLANG_WARN_EMPTY_BODY = YES;
				CLANG_WARN_ENUM_CONVERSION = YES;
				CLANG_WARN_INT_CONVERSION = YES;
				CLANG_WARN_OBJC_ROOT_CLASS = YES_ERROR;
				CLANG_WARN__DUPLICATE_METHOD_MATCH = YES;
				"CODE_SIGN_IDENTITY[sdk=iphoneos*]" = "iPhone Developer";
				COPY_PHASE_STRIP = NO;
				GCC_C_LANGUAGE_STANDARD = gnu99;
				GCC_DYNAMIC_NO_PIC = NO;
				GCC_OPTIMIZATION_LEVEL = 0;
				GCC_PREPROCESSOR_DEFINITIONS = (
					"DEBUG=1",
					"$(inherited)",
				);
				GCC_SYMBOLS_PRIVATE_EXTERN = NO;
				GCC_WARN_64_TO_32_BIT_CONVERSION = YES;
				GCC_WARN_ABOUT_RETURN_TYPE = YES_ERROR;
				GCC_WARN_UNDECLARED_SELECTOR = YES;
				GCC_WARN_UNINITIALIZED_AUTOS = YES_AGGRESSIVE;
				GCC_WARN_UNUSED_FUNCTION = YES;
				GCC_WARN_UNUSED_VARIABLE = YES;
				IPHONEOS_DEPLOYMENT_TARGET = 7.1;
				ONLY_ACTIVE_ARCH = YES;
				SDKROOT = iphoneos;
				TARGETED_DEVICE_FAMILY = "1,2";
			};
			name = Debug;
		};
		A245A1251960FFBF007E7C35 /* Release */ = {
			isa = XCBuildConfiguration;
			buildSettings = {
				ALWAYS_SEARCH_USER_PATHS = NO;
				CLANG_CXX_LANGUAGE_STANDARD = "gnu++0x";
				CLANG_CXX_LIBRARY = "libc++";
				CLANG_ENABLE_MODULES = YES;
				CLANG_ENABLE_OBJC_ARC = YES;
				CLANG_WARN_BOOL_CONVERSION = YES;
				CLANG_WARN_CONSTANT_CONVERSION = YES;
				CLANG_WARN_DIRECT_OBJC_ISA_USAGE = YES_ERROR;
				CLANG_WARN_EMPTY_BODY = YES;
				CLANG_WARN_ENUM_CONVERSION = YES;
				CLANG_WARN_INT_CONVERSION = YES;
				CLANG_WARN_OBJC_ROOT_CLASS = YES_ERROR;
				CLANG_WARN__DUPLICATE_METHOD_MATCH = YES;
				"CODE_SIGN_IDENTITY[sdk=iphoneos*]" = "iPhone Developer";
				COPY_PHASE_STRIP = YES;
				ENABLE_NS_ASSERTIONS = NO;
				GCC_C_LANGUAGE_STANDARD = gnu99;
				GCC_WARN_64_TO_32_BIT_CONVERSION = YES;
				GCC_WARN_ABOUT_RETURN_TYPE = YES_ERROR;
				GCC_WARN_UNDECLARED_SELECTOR = YES;
				GCC_WARN_UNINITIALIZED_AUTOS = YES_AGGRESSIVE;
				GCC_WARN_UNUSED_FUNCTION = YES;
				GCC_WARN_UNUSED_VARIABLE = YES;
				IPHONEOS_DEPLOYMENT_TARGET = 7.1;
				SDKROOT = iphoneos;
				TARGETED_DEVICE_FAMILY = "1,2";
				VALIDATE_PRODUCT = YES;
			};
			name = Release;
		};
		A245A1271960FFBF007E7C35 /* Debug */ = {
			isa = XCBuildConfiguration;
			baseConfigurationReference = 41F94957D336489DADFDD09B /* Pods.xcconfig */;
			buildSettings = {
				ASSETCATALOG_COMPILER_APPICON_NAME = AppIcon;
				ASSETCATALOG_COMPILER_LAUNCHIMAGE_NAME = LaunchImage;
				GCC_PRECOMPILE_PREFIX_HEADER = YES;
				GCC_PREFIX_HEADER = "StreetWise/StreetWise-Prefix.pch";
				INFOPLIST_FILE = "StreetWise/StreetWise-Info.plist";
				IPHONEOS_DEPLOYMENT_TARGET = 7.1;
				PRODUCT_NAME = "$(TARGET_NAME)";
				WRAPPER_EXTENSION = app;
			};
			name = Debug;
		};
		A245A1281960FFBF007E7C35 /* Release */ = {
			isa = XCBuildConfiguration;
			baseConfigurationReference = 41F94957D336489DADFDD09B /* Pods.xcconfig */;
			buildSettings = {
				ASSETCATALOG_COMPILER_APPICON_NAME = AppIcon;
				ASSETCATALOG_COMPILER_LAUNCHIMAGE_NAME = LaunchImage;
				GCC_PRECOMPILE_PREFIX_HEADER = YES;
				GCC_PREFIX_HEADER = "StreetWise/StreetWise-Prefix.pch";
				INFOPLIST_FILE = "StreetWise/StreetWise-Info.plist";
				IPHONEOS_DEPLOYMENT_TARGET = 7.1;
				PRODUCT_NAME = "$(TARGET_NAME)";
				WRAPPER_EXTENSION = app;
			};
			name = Release;
		};
		A245A12A1960FFBF007E7C35 /* Debug */ = {
			isa = XCBuildConfiguration;
			buildSettings = {
				BUNDLE_LOADER = "$(BUILT_PRODUCTS_DIR)/StreetWise.app/StreetWise";
				FRAMEWORK_SEARCH_PATHS = (
					"$(SDKROOT)/Developer/Library/Frameworks",
					"$(inherited)",
					"$(DEVELOPER_FRAMEWORKS_DIR)",
				);
				GCC_PRECOMPILE_PREFIX_HEADER = YES;
				GCC_PREFIX_HEADER = "StreetWise/StreetWise-Prefix.pch";
				GCC_PREPROCESSOR_DEFINITIONS = (
					"DEBUG=1",
					"$(inherited)",
				);
				INFOPLIST_FILE = "StreetWiseTests/StreetWiseTests-Info.plist";
				PRODUCT_NAME = "$(TARGET_NAME)";
				TEST_HOST = "$(BUNDLE_LOADER)";
				WRAPPER_EXTENSION = xctest;
			};
			name = Debug;
		};
		A245A12B1960FFBF007E7C35 /* Release */ = {
			isa = XCBuildConfiguration;
			buildSettings = {
				BUNDLE_LOADER = "$(BUILT_PRODUCTS_DIR)/StreetWise.app/StreetWise";
				FRAMEWORK_SEARCH_PATHS = (
					"$(SDKROOT)/Developer/Library/Frameworks",
					"$(inherited)",
					"$(DEVELOPER_FRAMEWORKS_DIR)",
				);
				GCC_PRECOMPILE_PREFIX_HEADER = YES;
				GCC_PREFIX_HEADER = "StreetWise/StreetWise-Prefix.pch";
				INFOPLIST_FILE = "StreetWiseTests/StreetWiseTests-Info.plist";
				PRODUCT_NAME = "$(TARGET_NAME)";
				TEST_HOST = "$(BUNDLE_LOADER)";
				WRAPPER_EXTENSION = xctest;
			};
			name = Release;
		};
/* End XCBuildConfiguration section */

/* Begin XCConfigurationList section */
		A245A0E91960FFBF007E7C35 /* Build configuration list for PBXProject "StreetWise" */ = {
			isa = XCConfigurationList;
			buildConfigurations = (
				A245A1241960FFBF007E7C35 /* Debug */,
				A245A1251960FFBF007E7C35 /* Release */,
			);
			defaultConfigurationIsVisible = 0;
			defaultConfigurationName = Release;
		};
		A245A1261960FFBF007E7C35 /* Build configuration list for PBXNativeTarget "StreetWise" */ = {
			isa = XCConfigurationList;
			buildConfigurations = (
				A245A1271960FFBF007E7C35 /* Debug */,
				A245A1281960FFBF007E7C35 /* Release */,
			);
			defaultConfigurationIsVisible = 0;
			defaultConfigurationName = Release;
		};
		A245A1291960FFBF007E7C35 /* Build configuration list for PBXNativeTarget "StreetWiseTests" */ = {
			isa = XCConfigurationList;
			buildConfigurations = (
				A245A12A1960FFBF007E7C35 /* Debug */,
				A245A12B1960FFBF007E7C35 /* Release */,
			);
			defaultConfigurationIsVisible = 0;
			defaultConfigurationName = Release;
		};
/* End XCConfigurationList section */
	};
	rootObject = A245A0E61960FFBF007E7C35 /* Project object */;
}
